{
  "originHash" : "f95e61044d3d8eb042b39c0072b4afca6f6ce8c7a32d3a16fe60921fd24e727a",
  "pins" : [
    {
      "identity" : "amplitude-swift",
      "kind" : "remoteSourceControl",
      "location" : "https://github.com/amplitude/Amplitude-Swift.git",
      "state" : {
        "revision" : "ce41c105bf9f0a1518f8bd6e594177c69512f054",
        "version" : "1.9.2"
      }
    },
    {
      "identity" : "analytics-connector-ios",
      "kind" : "remoteSourceControl",
      "location" : "https://github.com/amplitude/analytics-connector-ios.git",
      "state" : {
        "revision" : "e2ca17ac735bcbc48b13062484541702ef45153d",
        "version" : "1.0.3"
      }
    },
    {
      "identity" : "taanalytics",
      "kind" : "remoteSourceControl",
      "location" : "git@github.com:TechArtists/TAAnalytics.git",
      "state" : {
        "revision" : "1409bc6ea7ae77cd82b949ae569e9c4b25fcfb7d",
        "version" : "0.9.6"
      }
    }
  ],
  "version" : 3
}
